
Microsoft Visual Studio Solution File, Format Version 12.00
# Visual Studio Version 17
VisualStudioVersion = 17.1.32228.430
MinimumVisualStudioVersion = 10.0.40219.1
Project("{2150E333-8FDC-42A3-9474-1A3956D46DE8}") = "Solution Items", "Solution Items", "{E3C1DE51-27D8-4BDD-83B4-4D85E40FBA6C}"
	ProjectSection(SolutionItems) = preProject
		.gitignore = .gitignore
		azure-pipelines.yml = azure-pipelines.yml
		nuget.config = nuget.config
		README.md = README.md
	EndProjectSection
EndProject
Project("{9A19103F-16F7-4668-BE54-9A1E7A4F7556}") = "Wholething.FallbackTextProperty", "Wholething.FallbackTextProperty\Wholething.FallbackTextProperty.csproj", "{84610FFA-E7F7-4162-B7AB-1CAE6937FFD7}"
EndProject
Global
	GlobalSection(SolutionConfigurationPlatforms) = preSolution
		Debug|Any CPU = Debug|Any CPU
		Release|Any CPU = Release|Any CPU
	EndGlobalSection
	GlobalSection(ProjectConfigurationPlatforms) = postSolution
		{84610FFA-E7F7-4162-B7AB-1CAE6937FFD7}.Debug|Any CPU.ActiveCfg = Debug|Any CPU
		{84610FFA-E7F7-4162-B7AB-1CAE6937FFD7}.Debug|Any CPU.Build.0 = Debug|Any CPU
		{84610FFA-E7F7-4162-B7AB-1CAE6937FFD7}.Release|Any CPU.ActiveCfg = Release|Any CPU
		{84610FFA-E7F7-4162-B7AB-1CAE6937FFD7}.Release|Any CPU.Build.0 = Release|Any CPU
	EndGlobalSection
	GlobalSection(SolutionProperties) = preSolution
		HideSolutionNode = FALSE
	EndGlobalSection
	GlobalSection(ExtensibilityGlobals) = postSolution
		SolutionGuid = {356B1636-0136-4C25-8317-BAC9D509F944}
	EndGlobalSection
EndGlobal
